
Microsoft Visual Studio Solution File, Format Version 12.00
# Visual Studio Version 17
VisualStudioVersion = 17.4.33205.214
MinimumVisualStudioVersion = 10.0.40219.1
Project("{2150E333-8FDC-42A3-9474-1A3956D46DE8}") = "Tools", "Tools", "{D6C46BAA-44A1-451F-BAF4-680BACD5488B}"
EndProject
Project("{9A19103F-16F7-4668-BE54-9A1E7A4F7556}") = "DEMOHOTEL", "DEMOHOTEL\DEMOHOTEL.csproj", "{29780355-6D74-4E2A-8AC1-C92DCCFB317E}"
EndProject
Project("{9092AA53-FB77-4645-B42D-1CCCA6BD08BD}") = "DEMOHOTELVUE", "DEMOHOTELVUE\DEMOHOTELVUE.njsproj", "{4625C5A6-3D1F-4E97-B796-53625C7BAA2C}"
EndProject
Project("{2150E333-8FDC-42A3-9474-1A3956D46DE8}") = "EASYTools.HTMLFullEditor", "EASYTools.HTMLFullEditor", "{58C579A9-6E68-44AE-B018-3BE8FA9B5397}"
EndProject
Project("{2150E333-8FDC-42A3-9474-1A3956D46DE8}") = "Modules", "Modules", "{B44A0B83-089C-4D80-8932-5AD68AB1D2C5}"
EndProject
Project("{FAE04EC0-301F-11D3-BF4B-00C04F79EFBC}") = "EASYTools.HTMLFullEditor", "..\zEasy\EASY-IT-CENTER\EASY-TOOLS\EASYTools.HTMLFullEditor\EASYTools.HTMLFullEditor\EASYTools.HTMLFullEditor.csproj", "{04009E2D-9E54-423F-B6F0-62E15F1C8AE8}"
EndProject
Project("{FAE04EC0-301F-11D3-BF4B-00C04F79EFBC}") = "EASYTools.HTMLFullEditor.Locale.Default", "..\zEasy\EASY-IT-CENTER\EASY-TOOLS\EASYTools.HTMLFullEditor\EASYTools.HTMLFullEditor.Locale.Default\EASYTools.HTMLFullEditor.Locale.Default.csproj", "{CC1FF81E-F694-4B1B-9E04-3DEB2DE00B6A}"
EndProject
Project("{FAE04EC0-301F-11D3-BF4B-00C04F79EFBC}") = "EASYTools.HTMLFullEditor.Locale.Override", "..\zEasy\EASY-IT-CENTER\EASY-TOOLS\EASYTools.HTMLFullEditor\EASYTools.HTMLFullEditor.Locale.Override\EASYTools.HTMLFullEditor.Locale.Override.csproj", "{0E9B62BC-442C-440A-86A8-B9F2ECE40209}"
EndProject
Project("{FAE04EC0-301F-11D3-BF4B-00C04F79EFBC}") = "EASYTools.HighlightTextBox", "..\zEasy\EASY-IT-CENTER\EASY-TOOLS\EASYTool.HighlightTextBox\EASYTools.HighlightTextBox.csproj", "{D69325FA-A62E-45F4-9E6C-E27C33552522}"
EndProject
Project("{FAE04EC0-301F-11D3-BF4B-00C04F79EFBC}") = "EASYTools.Calendar", "..\zEasy\EASY-IT-CENTER\EASY-TOOLS\EASYTools.Calendar\EASYTools.Calendar.csproj", "{31C3B4A7-504B-4EFF-BACC-C8F2FFE5AF6F}"
EndProject
Project("{FAE04EC0-301F-11D3-BF4B-00C04F79EFBC}") = "EASYTools.CrashReporter", "..\zEasy\EASY-IT-CENTER\EASY-TOOLS\EASYTools.CrashReporter\EASYTools.CrashReporter.csproj", "{7696262E-45FC-4F68-A65E-468CD988CBC2}"
EndProject
Project("{FAE04EC0-301F-11D3-BF4B-00C04F79EFBC}") = "EASYTools.HTMLEditorNoImg", "..\zEasy\EASY-IT-CENTER\EASY-TOOLS\EASYTools.HTMLEditorNoImg\EASYTools.HTMLEditorNoImg.csproj", "{78147C43-DB7B-4571-BC7A-E7F0075B4B78}"
EndProject
Project("{9A19103F-16F7-4668-BE54-9A1E7A4F7556}") = "EASYTools.ImageEffectLibrary", "..\zEasy\EASY-IT-CENTER\EASY-TOOLS\EASYTools.ImageEffectLibrary\EASYTools.ImageEffectLibrary.csproj", "{3B982916-A787-44DA-BFD2-6694ABEDBD7C}"
EndProject
Project("{FAE04EC0-301F-11D3-BF4B-00C04F79EFBC}") = "EASYTools.MarkdownToFlow", "..\zEasy\EASY-IT-CENTER\EASY-TOOLS\EASYTools.MarkdownToFlow\EASYTools.MarkdownToFlow.csproj", "{34186C3B-C308-4CAE-B462-DB7B5F5E378C}"
EndProject
Project("{FAE04EC0-301F-11D3-BF4B-00C04F79EFBC}") = "EASYTools.MarkdownToHtml", "..\zEasy\EASY-IT-CENTER\EASY-TOOLS\EASYTools.MarkdownToHtml\EASYTools.MarkdownToHtml.csproj", "{37619116-CCE8-465A-8B1F-081CA53364BB}"
EndProject
Project("{FAE04EC0-301F-11D3-BF4B-00C04F79EFBC}") = "EASYTools.SqlConnectionDialog", "..\zEasy\EASY-IT-CENTER\EASY-TOOLS\EASYTools.SqlConnectionDialog\EASYTools.SqlConnectionDialog.csproj", "{EC61D2C4-7EAB-474F-9C4F-D93DE57A64F1}"
EndProject
Project("{FAE04EC0-301F-11D3-BF4B-00C04F79EFBC}") = "EASYTools.TouchKeyboard", "..\zEasy\EASY-IT-CENTER\EASY-TOOLS\EASYTools.TouchKeyboard\EASYTools.TouchKeyboard.csproj", "{0784CDC9-0F52-4B8B-9488-6589C11E94E2}"
EndProject
Project("{FAE04EC0-301F-11D3-BF4B-00C04F79EFBC}") = "EASYTools.VNCClient", "..\zEasy\EASY-IT-CENTER\EASY-TOOLS\EASYTools.VNCClient\EASYTools.VNCClient.csproj", "{A166674C-7FBA-43CC-BE79-70A2650647FF}"
EndProject
Project("{FAE04EC0-301F-11D3-BF4B-00C04F79EFBC}") = "EASYTools.VNCLib", "..\zEasy\EASY-IT-CENTER\EASY-TOOLS\EASYTools.VNCLib\EASYTools.VNCLib.csproj", "{77B5CB63-E14B-4253-881D-6BE9D7C57076}"
EndProject
Project("{9A19103F-16F7-4668-BE54-9A1E7A4F7556}") = "DBEntitySchema", "..\zEasy\EASY-IT-CENTER\EASY-ADDONS\Module\DBEntitySchema\DBEntitySchema.csproj", "{8199D71C-B849-484F-AC53-F3CEF6ECB10D}"
EndProject
Project("{9A19103F-16F7-4668-BE54-9A1E7A4F7556}") = "UbytkacBackend", "UbytkacBackend\UbytkacBackend.csproj", "{8EFD7D05-5436-4974-9E7C-236045A5550C}"
EndProject
Project("{FAE04EC0-301F-11D3-BF4B-00C04F79EFBC}") = "UbytkacSystemCenter", "UbytkacSystemCenter\UbytkacSystemCenter.csproj", "{7F787428-6D63-4AEC-BC79-DD3AAD96CE87}"
EndProject
Project("{54A90642-561A-4BB1-A94E-469ADEE60C69}") = "UbytkacFrontEnd", "TravelAgencyFrontEnd\UbytkacFrontEnd.esproj", "{DCFDD3B8-B431-43A0-9CEF-8C50FF4FA236}"
EndProject
Global
	GlobalSection(SolutionConfigurationPlatforms) = preSolution
		Analysis|Any CPU = Analysis|Any CPU
		Analysis|x64 = Analysis|x64
		Analysis|x86 = Analysis|x86
		Debug|Any CPU = Debug|Any CPU
		Debug|x64 = Debug|x64
		Debug|x86 = Debug|x86
		Release|Any CPU = Release|Any CPU
		Release|x64 = Release|x64
		Release|x86 = Release|x86
	EndGlobalSection
	GlobalSection(ProjectConfigurationPlatforms) = postSolution
		{29780355-6D74-4E2A-8AC1-C92DCCFB317E}.Analysis|Any CPU.ActiveCfg = Release|Any CPU
		{29780355-6D74-4E2A-8AC1-C92DCCFB317E}.Analysis|x64.ActiveCfg = Debug|Any CPU
		{29780355-6D74-4E2A-8AC1-C92DCCFB317E}.Analysis|x86.ActiveCfg = Release|Any CPU
		{29780355-6D74-4E2A-8AC1-C92DCCFB317E}.Debug|Any CPU.ActiveCfg = Debug|Any CPU
		{29780355-6D74-4E2A-8AC1-C92DCCFB317E}.Debug|Any CPU.Build.0 = Debug|Any CPU
		{29780355-6D74-4E2A-8AC1-C92DCCFB317E}.Debug|x64.ActiveCfg = Debug|Any CPU
		{29780355-6D74-4E2A-8AC1-C92DCCFB317E}.Debug|x86.ActiveCfg = Debug|Any CPU
		{29780355-6D74-4E2A-8AC1-C92DCCFB317E}.Release|Any CPU.ActiveCfg = Release|Any CPU
		{29780355-6D74-4E2A-8AC1-C92DCCFB317E}.Release|Any CPU.Build.0 = Release|Any CPU
		{29780355-6D74-4E2A-8AC1-C92DCCFB317E}.Release|x64.ActiveCfg = Release|Any CPU
		{29780355-6D74-4E2A-8AC1-C92DCCFB317E}.Release|x86.ActiveCfg = Release|Any CPU
		{4625C5A6-3D1F-4E97-B796-53625C7BAA2C}.Analysis|Any CPU.ActiveCfg = Release|Any CPU
		{4625C5A6-3D1F-4E97-B796-53625C7BAA2C}.Analysis|x64.ActiveCfg = Debug|Any CPU
		{4625C5A6-3D1F-4E97-B796-53625C7BAA2C}.Analysis|x86.ActiveCfg = Release|Any CPU
		{4625C5A6-3D1F-4E97-B796-53625C7BAA2C}.Debug|Any CPU.ActiveCfg = Debug|Any CPU
		{4625C5A6-3D1F-4E97-B796-53625C7BAA2C}.Debug|Any CPU.Build.0 = Debug|Any CPU
		{4625C5A6-3D1F-4E97-B796-53625C7BAA2C}.Debug|x64.ActiveCfg = Debug|Any CPU
		{4625C5A6-3D1F-4E97-B796-53625C7BAA2C}.Debug|x86.ActiveCfg = Debug|Any CPU
		{4625C5A6-3D1F-4E97-B796-53625C7BAA2C}.Release|Any CPU.ActiveCfg = Release|Any CPU
		{4625C5A6-3D1F-4E97-B796-53625C7BAA2C}.Release|Any CPU.Build.0 = Release|Any CPU
		{4625C5A6-3D1F-4E97-B796-53625C7BAA2C}.Release|x64.ActiveCfg = Release|Any CPU
		{4625C5A6-3D1F-4E97-B796-53625C7BAA2C}.Release|x86.ActiveCfg = Release|Any CPU
		{04009E2D-9E54-423F-B6F0-62E15F1C8AE8}.Analysis|Any CPU.ActiveCfg = Debug|Any CPU
		{04009E2D-9E54-423F-B6F0-62E15F1C8AE8}.Analysis|Any CPU.Build.0 = Debug|Any CPU
		{04009E2D-9E54-423F-B6F0-62E15F1C8AE8}.Analysis|x64.ActiveCfg = Release|Any CPU
		{04009E2D-9E54-423F-B6F0-62E15F1C8AE8}.Analysis|x64.Build.0 = Release|Any CPU
		{04009E2D-9E54-423F-B6F0-62E15F1C8AE8}.Analysis|x86.ActiveCfg = Debug|Any CPU
		{04009E2D-9E54-423F-B6F0-62E15F1C8AE8}.Analysis|x86.Build.0 = Debug|Any CPU
		{04009E2D-9E54-423F-B6F0-62E15F1C8AE8}.Debug|Any CPU.ActiveCfg = Debug|Any CPU
		{04009E2D-9E54-423F-B6F0-62E15F1C8AE8}.Debug|Any CPU.Build.0 = Debug|Any CPU
		{04009E2D-9E54-423F-B6F0-62E15F1C8AE8}.Debug|x64.ActiveCfg = Debug|Any CPU
		{04009E2D-9E54-423F-B6F0-62E15F1C8AE8}.Debug|x64.Build.0 = Debug|Any CPU
		{04009E2D-9E54-423F-B6F0-62E15F1C8AE8}.Debug|x86.ActiveCfg = Debug|Any CPU
		{04009E2D-9E54-423F-B6F0-62E15F1C8AE8}.Debug|x86.Build.0 = Debug|Any CPU
		{04009E2D-9E54-423F-B6F0-62E15F1C8AE8}.Release|Any CPU.ActiveCfg = Release|Any CPU
		{04009E2D-9E54-423F-B6F0-62E15F1C8AE8}.Release|Any CPU.Build.0 = Release|Any CPU
		{04009E2D-9E54-423F-B6F0-62E15F1C8AE8}.Release|x64.ActiveCfg = Release|Any CPU
		{04009E2D-9E54-423F-B6F0-62E15F1C8AE8}.Release|x64.Build.0 = Release|Any CPU
		{04009E2D-9E54-423F-B6F0-62E15F1C8AE8}.Release|x86.ActiveCfg = Release|Any CPU
		{04009E2D-9E54-423F-B6F0-62E15F1C8AE8}.Release|x86.Build.0 = Release|Any CPU
		{CC1FF81E-F694-4B1B-9E04-3DEB2DE00B6A}.Analysis|Any CPU.ActiveCfg = Debug|Any CPU
		{CC1FF81E-F694-4B1B-9E04-3DEB2DE00B6A}.Analysis|Any CPU.Build.0 = Debug|Any CPU
		{CC1FF81E-F694-4B1B-9E04-3DEB2DE00B6A}.Analysis|x64.ActiveCfg = Release|Any CPU
		{CC1FF81E-F694-4B1B-9E04-3DEB2DE00B6A}.Analysis|x64.Build.0 = Release|Any CPU
		{CC1FF81E-F694-4B1B-9E04-3DEB2DE00B6A}.Analysis|x86.ActiveCfg = Debug|Any CPU
		{CC1FF81E-F694-4B1B-9E04-3DEB2DE00B6A}.Analysis|x86.Build.0 = Debug|Any CPU
		{CC1FF81E-F694-4B1B-9E04-3DEB2DE00B6A}.Debug|Any CPU.ActiveCfg = Debug|Any CPU
		{CC1FF81E-F694-4B1B-9E04-3DEB2DE00B6A}.Debug|Any CPU.Build.0 = Debug|Any CPU
		{CC1FF81E-F694-4B1B-9E04-3DEB2DE00B6A}.Debug|x64.ActiveCfg = Debug|Any CPU
		{CC1FF81E-F694-4B1B-9E04-3DEB2DE00B6A}.Debug|x64.Build.0 = Debug|Any CPU
		{CC1FF81E-F694-4B1B-9E04-3DEB2DE00B6A}.Debug|x86.ActiveCfg = Debug|Any CPU
		{CC1FF81E-F694-4B1B-9E04-3DEB2DE00B6A}.Debug|x86.Build.0 = Debug|Any CPU
		{CC1FF81E-F694-4B1B-9E04-3DEB2DE00B6A}.Release|Any CPU.ActiveCfg = Release|Any CPU
		{CC1FF81E-F694-4B1B-9E04-3DEB2DE00B6A}.Release|Any CPU.Build.0 = Release|Any CPU
		{CC1FF81E-F694-4B1B-9E04-3DEB2DE00B6A}.Release|x64.ActiveCfg = Release|Any CPU
		{CC1FF81E-F694-4B1B-9E04-3DEB2DE00B6A}.Release|x64.Build.0 = Release|Any CPU
		{CC1FF81E-F694-4B1B-9E04-3DEB2DE00B6A}.Release|x86.ActiveCfg = Release|Any CPU
		{CC1FF81E-F694-4B1B-9E04-3DEB2DE00B6A}.Release|x86.Build.0 = Release|Any CPU
		{0E9B62BC-442C-440A-86A8-B9F2ECE40209}.Analysis|Any CPU.ActiveCfg = Debug|Any CPU
		{0E9B62BC-442C-440A-86A8-B9F2ECE40209}.Analysis|Any CPU.Build.0 = Debug|Any CPU
		{0E9B62BC-442C-440A-86A8-B9F2ECE40209}.Analysis|x64.ActiveCfg = Release|Any CPU
		{0E9B62BC-442C-440A-86A8-B9F2ECE40209}.Analysis|x64.Build.0 = Release|Any CPU
		{0E9B62BC-442C-440A-86A8-B9F2ECE40209}.Analysis|x86.ActiveCfg = Debug|Any CPU
		{0E9B62BC-442C-440A-86A8-B9F2ECE40209}.Analysis|x86.Build.0 = Debug|Any CPU
		{0E9B62BC-442C-440A-86A8-B9F2ECE40209}.Debug|Any CPU.ActiveCfg = Debug|Any CPU
		{0E9B62BC-442C-440A-86A8-B9F2ECE40209}.Debug|Any CPU.Build.0 = Debug|Any CPU
		{0E9B62BC-442C-440A-86A8-B9F2ECE40209}.Debug|x64.ActiveCfg = Debug|Any CPU
		{0E9B62BC-442C-440A-86A8-B9F2ECE40209}.Debug|x64.Build.0 = Debug|Any CPU
		{0E9B62BC-442C-440A-86A8-B9F2ECE40209}.Debug|x86.ActiveCfg = Debug|Any CPU
		{0E9B62BC-442C-440A-86A8-B9F2ECE40209}.Debug|x86.Build.0 = Debug|Any CPU
		{0E9B62BC-442C-440A-86A8-B9F2ECE40209}.Release|Any CPU.ActiveCfg = Release|Any CPU
		{0E9B62BC-442C-440A-86A8-B9F2ECE40209}.Release|Any CPU.Build.0 = Release|Any CPU
		{0E9B62BC-442C-440A-86A8-B9F2ECE40209}.Release|x64.ActiveCfg = Release|Any CPU
		{0E9B62BC-442C-440A-86A8-B9F2ECE40209}.Release|x64.Build.0 = Release|Any CPU
		{0E9B62BC-442C-440A-86A8-B9F2ECE40209}.Release|x86.ActiveCfg = Release|Any CPU
		{0E9B62BC-442C-440A-86A8-B9F2ECE40209}.Release|x86.Build.0 = Release|Any CPU
		{D69325FA-A62E-45F4-9E6C-E27C33552522}.Analysis|Any CPU.ActiveCfg = Debug|Any CPU
		{D69325FA-A62E-45F4-9E6C-E27C33552522}.Analysis|Any CPU.Build.0 = Debug|Any CPU
		{D69325FA-A62E-45F4-9E6C-E27C33552522}.Analysis|x64.ActiveCfg = Release|Any CPU
		{D69325FA-A62E-45F4-9E6C-E27C33552522}.Analysis|x64.Build.0 = Release|Any CPU
		{D69325FA-A62E-45F4-9E6C-E27C33552522}.Analysis|x86.ActiveCfg = Debug|Any CPU
		{D69325FA-A62E-45F4-9E6C-E27C33552522}.Analysis|x86.Build.0 = Debug|Any CPU
		{D69325FA-A62E-45F4-9E6C-E27C33552522}.Debug|Any CPU.ActiveCfg = Debug|Any CPU
		{D69325FA-A62E-45F4-9E6C-E27C33552522}.Debug|Any CPU.Build.0 = Debug|Any CPU
		{D69325FA-A62E-45F4-9E6C-E27C33552522}.Debug|x64.ActiveCfg = Debug|Any CPU
		{D69325FA-A62E-45F4-9E6C-E27C33552522}.Debug|x64.Build.0 = Debug|Any CPU
		{D69325FA-A62E-45F4-9E6C-E27C33552522}.Debug|x86.ActiveCfg = Debug|Any CPU
		{D69325FA-A62E-45F4-9E6C-E27C33552522}.Debug|x86.Build.0 = Debug|Any CPU
		{D69325FA-A62E-45F4-9E6C-E27C33552522}.Release|Any CPU.ActiveCfg = Release|Any CPU
		{D69325FA-A62E-45F4-9E6C-E27C33552522}.Release|Any CPU.Build.0 = Release|Any CPU
		{D69325FA-A62E-45F4-9E6C-E27C33552522}.Release|x64.ActiveCfg = Release|Any CPU
		{D69325FA-A62E-45F4-9E6C-E27C33552522}.Release|x64.Build.0 = Release|Any CPU
		{D69325FA-A62E-45F4-9E6C-E27C33552522}.Release|x86.ActiveCfg = Release|Any CPU
		{D69325FA-A62E-45F4-9E6C-E27C33552522}.Release|x86.Build.0 = Release|Any CPU
		{31C3B4A7-504B-4EFF-BACC-C8F2FFE5AF6F}.Analysis|Any CPU.ActiveCfg = Debug|Any CPU
		{31C3B4A7-504B-4EFF-BACC-C8F2FFE5AF6F}.Analysis|Any CPU.Build.0 = Debug|Any CPU
		{31C3B4A7-504B-4EFF-BACC-C8F2FFE5AF6F}.Analysis|x64.ActiveCfg = Release|Any CPU
		{31C3B4A7-504B-4EFF-BACC-C8F2FFE5AF6F}.Analysis|x64.Build.0 = Release|Any CPU
		{31C3B4A7-504B-4EFF-BACC-C8F2FFE5AF6F}.Analysis|x86.ActiveCfg = Debug|Any CPU
		{31C3B4A7-504B-4EFF-BACC-C8F2FFE5AF6F}.Analysis|x86.Build.0 = Debug|Any CPU
		{31C3B4A7-504B-4EFF-BACC-C8F2FFE5AF6F}.Debug|Any CPU.ActiveCfg = Debug|Any CPU
		{31C3B4A7-504B-4EFF-BACC-C8F2FFE5AF6F}.Debug|Any CPU.Build.0 = Debug|Any CPU
		{31C3B4A7-504B-4EFF-BACC-C8F2FFE5AF6F}.Debug|x64.ActiveCfg = Debug|Any CPU
		{31C3B4A7-504B-4EFF-BACC-C8F2FFE5AF6F}.Debug|x64.Build.0 = Debug|Any CPU
		{31C3B4A7-504B-4EFF-BACC-C8F2FFE5AF6F}.Debug|x86.ActiveCfg = Debug|Any CPU
		{31C3B4A7-504B-4EFF-BACC-C8F2FFE5AF6F}.Debug|x86.Build.0 = Debug|Any CPU
		{31C3B4A7-504B-4EFF-BACC-C8F2FFE5AF6F}.Release|Any CPU.ActiveCfg = Release|Any CPU
		{31C3B4A7-504B-4EFF-BACC-C8F2FFE5AF6F}.Release|Any CPU.Build.0 = Release|Any CPU
		{31C3B4A7-504B-4EFF-BACC-C8F2FFE5AF6F}.Release|x64.ActiveCfg = Release|Any CPU
		{31C3B4A7-504B-4EFF-BACC-C8F2FFE5AF6F}.Release|x64.Build.0 = Release|Any CPU
		{31C3B4A7-504B-4EFF-BACC-C8F2FFE5AF6F}.Release|x86.ActiveCfg = Release|Any CPU
		{31C3B4A7-504B-4EFF-BACC-C8F2FFE5AF6F}.Release|x86.Build.0 = Release|Any CPU
		{7696262E-45FC-4F68-A65E-468CD988CBC2}.Analysis|Any CPU.ActiveCfg = Debug|Any CPU
		{7696262E-45FC-4F68-A65E-468CD988CBC2}.Analysis|Any CPU.Build.0 = Debug|Any CPU
		{7696262E-45FC-4F68-A65E-468CD988CBC2}.Analysis|x64.ActiveCfg = Release|Any CPU
		{7696262E-45FC-4F68-A65E-468CD988CBC2}.Analysis|x64.Build.0 = Release|Any CPU
		{7696262E-45FC-4F68-A65E-468CD988CBC2}.Analysis|x86.ActiveCfg = Debug|Any CPU
		{7696262E-45FC-4F68-A65E-468CD988CBC2}.Analysis|x86.Build.0 = Debug|Any CPU
		{7696262E-45FC-4F68-A65E-468CD988CBC2}.Debug|Any CPU.ActiveCfg = Debug|Any CPU
		{7696262E-45FC-4F68-A65E-468CD988CBC2}.Debug|Any CPU.Build.0 = Debug|Any CPU
		{7696262E-45FC-4F68-A65E-468CD988CBC2}.Debug|x64.ActiveCfg = Debug|Any CPU
		{7696262E-45FC-4F68-A65E-468CD988CBC2}.Debug|x64.Build.0 = Debug|Any CPU
		{7696262E-45FC-4F68-A65E-468CD988CBC2}.Debug|x86.ActiveCfg = Debug|Any CPU
		{7696262E-45FC-4F68-A65E-468CD988CBC2}.Debug|x86.Build.0 = Debug|Any CPU
		{7696262E-45FC-4F68-A65E-468CD988CBC2}.Release|Any CPU.ActiveCfg = Release|Any CPU
		{7696262E-45FC-4F68-A65E-468CD988CBC2}.Release|Any CPU.Build.0 = Release|Any CPU
		{7696262E-45FC-4F68-A65E-468CD988CBC2}.Release|x64.ActiveCfg = Release|Any CPU
		{7696262E-45FC-4F68-A65E-468CD988CBC2}.Release|x64.Build.0 = Release|Any CPU
		{7696262E-45FC-4F68-A65E-468CD988CBC2}.Release|x86.ActiveCfg = Release|Any CPU
		{7696262E-45FC-4F68-A65E-468CD988CBC2}.Release|x86.Build.0 = Release|Any CPU
		{78147C43-DB7B-4571-BC7A-E7F0075B4B78}.Analysis|Any CPU.ActiveCfg = Debug|Any CPU
		{78147C43-DB7B-4571-BC7A-E7F0075B4B78}.Analysis|Any CPU.Build.0 = Debug|Any CPU
		{78147C43-DB7B-4571-BC7A-E7F0075B4B78}.Analysis|x64.ActiveCfg = Release|Any CPU
		{78147C43-DB7B-4571-BC7A-E7F0075B4B78}.Analysis|x64.Build.0 = Release|Any CPU
		{78147C43-DB7B-4571-BC7A-E7F0075B4B78}.Analysis|x86.ActiveCfg = Debug|Any CPU
		{78147C43-DB7B-4571-BC7A-E7F0075B4B78}.Analysis|x86.Build.0 = Debug|Any CPU
		{78147C43-DB7B-4571-BC7A-E7F0075B4B78}.Debug|Any CPU.ActiveCfg = Debug|Any CPU
		{78147C43-DB7B-4571-BC7A-E7F0075B4B78}.Debug|Any CPU.Build.0 = Debug|Any CPU
		{78147C43-DB7B-4571-BC7A-E7F0075B4B78}.Debug|x64.ActiveCfg = Debug|Any CPU
		{78147C43-DB7B-4571-BC7A-E7F0075B4B78}.Debug|x64.Build.0 = Debug|Any CPU
		{78147C43-DB7B-4571-BC7A-E7F0075B4B78}.Debug|x86.ActiveCfg = Debug|Any CPU
		{78147C43-DB7B-4571-BC7A-E7F0075B4B78}.Debug|x86.Build.0 = Debug|Any CPU
		{78147C43-DB7B-4571-BC7A-E7F0075B4B78}.Release|Any CPU.ActiveCfg = Release|Any CPU
		{78147C43-DB7B-4571-BC7A-E7F0075B4B78}.Release|Any CPU.Build.0 = Release|Any CPU
		{78147C43-DB7B-4571-BC7A-E7F0075B4B78}.Release|x64.ActiveCfg = Release|Any CPU
		{78147C43-DB7B-4571-BC7A-E7F0075B4B78}.Release|x64.Build.0 = Release|Any CPU
		{78147C43-DB7B-4571-BC7A-E7F0075B4B78}.Release|x86.ActiveCfg = Release|Any CPU
		{78147C43-DB7B-4571-BC7A-E7F0075B4B78}.Release|x86.Build.0 = Release|Any CPU
		{3B982916-A787-44DA-BFD2-6694ABEDBD7C}.Analysis|Any CPU.ActiveCfg = Debug|Any CPU
		{3B982916-A787-44DA-BFD2-6694ABEDBD7C}.Analysis|Any CPU.Build.0 = Debug|Any CPU
		{3B982916-A787-44DA-BFD2-6694ABEDBD7C}.Analysis|x64.ActiveCfg = Release|Any CPU
		{3B982916-A787-44DA-BFD2-6694ABEDBD7C}.Analysis|x64.Build.0 = Release|Any CPU
		{3B982916-A787-44DA-BFD2-6694ABEDBD7C}.Analysis|x86.ActiveCfg = Debug|Any CPU
		{3B982916-A787-44DA-BFD2-6694ABEDBD7C}.Analysis|x86.Build.0 = Debug|Any CPU
		{3B982916-A787-44DA-BFD2-6694ABEDBD7C}.Debug|Any CPU.ActiveCfg = Debug|Any CPU
		{3B982916-A787-44DA-BFD2-6694ABEDBD7C}.Debug|Any CPU.Build.0 = Debug|Any CPU
		{3B982916-A787-44DA-BFD2-6694ABEDBD7C}.Debug|x64.ActiveCfg = Debug|Any CPU
		{3B982916-A787-44DA-BFD2-6694ABEDBD7C}.Debug|x64.Build.0 = Debug|Any CPU
		{3B982916-A787-44DA-BFD2-6694ABEDBD7C}.Debug|x86.ActiveCfg = Debug|Any CPU
		{3B982916-A787-44DA-BFD2-6694ABEDBD7C}.Debug|x86.Build.0 = Debug|Any CPU
		{3B982916-A787-44DA-BFD2-6694ABEDBD7C}.Release|Any CPU.ActiveCfg = Release|Any CPU
		{3B982916-A787-44DA-BFD2-6694ABEDBD7C}.Release|Any CPU.Build.0 = Release|Any CPU
		{3B982916-A787-44DA-BFD2-6694ABEDBD7C}.Release|x64.ActiveCfg = Release|Any CPU
		{3B982916-A787-44DA-BFD2-6694ABEDBD7C}.Release|x64.Build.0 = Release|Any CPU
		{3B982916-A787-44DA-BFD2-6694ABEDBD7C}.Release|x86.ActiveCfg = Release|Any CPU
		{3B982916-A787-44DA-BFD2-6694ABEDBD7C}.Release|x86.Build.0 = Release|Any CPU
		{34186C3B-C308-4CAE-B462-DB7B5F5E378C}.Analysis|Any CPU.ActiveCfg = Analysis|Any CPU
		{34186C3B-C308-4CAE-B462-DB7B5F5E378C}.Analysis|Any CPU.Build.0 = Analysis|Any CPU
		{34186C3B-C308-4CAE-B462-DB7B5F5E378C}.Analysis|x64.ActiveCfg = Analysis|Any CPU
		{34186C3B-C308-4CAE-B462-DB7B5F5E378C}.Analysis|x64.Build.0 = Analysis|Any CPU
		{34186C3B-C308-4CAE-B462-DB7B5F5E378C}.Analysis|x86.ActiveCfg = Analysis|Any CPU
		{34186C3B-C308-4CAE-B462-DB7B5F5E378C}.Analysis|x86.Build.0 = Analysis|Any CPU
		{34186C3B-C308-4CAE-B462-DB7B5F5E378C}.Debug|Any CPU.ActiveCfg = Debug|Any CPU
		{34186C3B-C308-4CAE-B462-DB7B5F5E378C}.Debug|Any CPU.Build.0 = Debug|Any CPU
		{34186C3B-C308-4CAE-B462-DB7B5F5E378C}.Debug|x64.ActiveCfg = Debug|Any CPU
		{34186C3B-C308-4CAE-B462-DB7B5F5E378C}.Debug|x64.Build.0 = Debug|Any CPU
		{34186C3B-C308-4CAE-B462-DB7B5F5E378C}.Debug|x86.ActiveCfg = Debug|Any CPU
		{34186C3B-C308-4CAE-B462-DB7B5F5E378C}.Debug|x86.Build.0 = Debug|Any CPU
		{34186C3B-C308-4CAE-B462-DB7B5F5E378C}.Release|Any CPU.ActiveCfg = Release|Any CPU
		{34186C3B-C308-4CAE-B462-DB7B5F5E378C}.Release|Any CPU.Build.0 = Release|Any CPU
		{34186C3B-C308-4CAE-B462-DB7B5F5E378C}.Release|x64.ActiveCfg = Release|Any CPU
		{34186C3B-C308-4CAE-B462-DB7B5F5E378C}.Release|x64.Build.0 = Release|Any CPU
		{34186C3B-C308-4CAE-B462-DB7B5F5E378C}.Release|x86.ActiveCfg = Release|Any CPU
		{34186C3B-C308-4CAE-B462-DB7B5F5E378C}.Release|x86.Build.0 = Release|Any CPU
		{37619116-CCE8-465A-8B1F-081CA53364BB}.Analysis|Any CPU.ActiveCfg = Debug|Any CPU
		{37619116-CCE8-465A-8B1F-081CA53364BB}.Analysis|Any CPU.Build.0 = Debug|Any CPU
		{37619116-CCE8-465A-8B1F-081CA53364BB}.Analysis|x64.ActiveCfg = Release|Any CPU
		{37619116-CCE8-465A-8B1F-081CA53364BB}.Analysis|x64.Build.0 = Release|Any CPU
		{37619116-CCE8-465A-8B1F-081CA53364BB}.Analysis|x86.ActiveCfg = Debug|Any CPU
		{37619116-CCE8-465A-8B1F-081CA53364BB}.Analysis|x86.Build.0 = Debug|Any CPU
		{37619116-CCE8-465A-8B1F-081CA53364BB}.Debug|Any CPU.ActiveCfg = Debug|Any CPU
		{37619116-CCE8-465A-8B1F-081CA53364BB}.Debug|Any CPU.Build.0 = Debug|Any CPU
		{37619116-CCE8-465A-8B1F-081CA53364BB}.Debug|x64.ActiveCfg = Debug|Any CPU
		{37619116-CCE8-465A-8B1F-081CA53364BB}.Debug|x64.Build.0 = Debug|Any CPU
		{37619116-CCE8-465A-8B1F-081CA53364BB}.Debug|x86.ActiveCfg = Debug|Any CPU
		{37619116-CCE8-465A-8B1F-081CA53364BB}.Debug|x86.Build.0 = Debug|Any CPU
		{37619116-CCE8-465A-8B1F-081CA53364BB}.Release|Any CPU.ActiveCfg = Release|Any CPU
		{37619116-CCE8-465A-8B1F-081CA53364BB}.Release|Any CPU.Build.0 = Release|Any CPU
		{37619116-CCE8-465A-8B1F-081CA53364BB}.Release|x64.ActiveCfg = Release|Any CPU
		{37619116-CCE8-465A-8B1F-081CA53364BB}.Release|x64.Build.0 = Release|Any CPU
		{37619116-CCE8-465A-8B1F-081CA53364BB}.Release|x86.ActiveCfg = Release|Any CPU
		{37619116-CCE8-465A-8B1F-081CA53364BB}.Release|x86.Build.0 = Release|Any CPU
		{EC61D2C4-7EAB-474F-9C4F-D93DE57A64F1}.Analysis|Any CPU.ActiveCfg = Debug|Any CPU
		{EC61D2C4-7EAB-474F-9C4F-D93DE57A64F1}.Analysis|Any CPU.Build.0 = Debug|Any CPU
		{EC61D2C4-7EAB-474F-9C4F-D93DE57A64F1}.Analysis|x64.ActiveCfg = Release|Any CPU
		{EC61D2C4-7EAB-474F-9C4F-D93DE57A64F1}.Analysis|x64.Build.0 = Release|Any CPU
		{EC61D2C4-7EAB-474F-9C4F-D93DE57A64F1}.Analysis|x86.ActiveCfg = Debug|Any CPU
		{EC61D2C4-7EAB-474F-9C4F-D93DE57A64F1}.Analysis|x86.Build.0 = Debug|Any CPU
		{EC61D2C4-7EAB-474F-9C4F-D93DE57A64F1}.Debug|Any CPU.ActiveCfg = Debug|Any CPU
		{EC61D2C4-7EAB-474F-9C4F-D93DE57A64F1}.Debug|Any CPU.Build.0 = Debug|Any CPU
		{EC61D2C4-7EAB-474F-9C4F-D93DE57A64F1}.Debug|x64.ActiveCfg = Debug|Any CPU
		{EC61D2C4-7EAB-474F-9C4F-D93DE57A64F1}.Debug|x64.Build.0 = Debug|Any CPU
		{EC61D2C4-7EAB-474F-9C4F-D93DE57A64F1}.Debug|x86.ActiveCfg = Debug|Any CPU
		{EC61D2C4-7EAB-474F-9C4F-D93DE57A64F1}.Debug|x86.Build.0 = Debug|Any CPU
		{EC61D2C4-7EAB-474F-9C4F-D93DE57A64F1}.Release|Any CPU.ActiveCfg = Release|Any CPU
		{EC61D2C4-7EAB-474F-9C4F-D93DE57A64F1}.Release|Any CPU.Build.0 = Release|Any CPU
		{EC61D2C4-7EAB-474F-9C4F-D93DE57A64F1}.Release|x64.ActiveCfg = Release|Any CPU
		{EC61D2C4-7EAB-474F-9C4F-D93DE57A64F1}.Release|x64.Build.0 = Release|Any CPU
		{EC61D2C4-7EAB-474F-9C4F-D93DE57A64F1}.Release|x86.ActiveCfg = Release|Any CPU
		{EC61D2C4-7EAB-474F-9C4F-D93DE57A64F1}.Release|x86.Build.0 = Release|Any CPU
		{0784CDC9-0F52-4B8B-9488-6589C11E94E2}.Analysis|Any CPU.ActiveCfg = Debug|Any CPU
		{0784CDC9-0F52-4B8B-9488-6589C11E94E2}.Analysis|Any CPU.Build.0 = Debug|Any CPU
		{0784CDC9-0F52-4B8B-9488-6589C11E94E2}.Analysis|x64.ActiveCfg = Release|Any CPU
		{0784CDC9-0F52-4B8B-9488-6589C11E94E2}.Analysis|x64.Build.0 = Release|Any CPU
		{0784CDC9-0F52-4B8B-9488-6589C11E94E2}.Analysis|x86.ActiveCfg = Debug|Any CPU
		{0784CDC9-0F52-4B8B-9488-6589C11E94E2}.Analysis|x86.Build.0 = Debug|Any CPU
		{0784CDC9-0F52-4B8B-9488-6589C11E94E2}.Debug|Any CPU.ActiveCfg = Debug|Any CPU
		{0784CDC9-0F52-4B8B-9488-6589C11E94E2}.Debug|Any CPU.Build.0 = Debug|Any CPU
		{0784CDC9-0F52-4B8B-9488-6589C11E94E2}.Debug|x64.ActiveCfg = Debug|Any CPU
		{0784CDC9-0F52-4B8B-9488-6589C11E94E2}.Debug|x64.Build.0 = Debug|Any CPU
		{0784CDC9-0F52-4B8B-9488-6589C11E94E2}.Debug|x86.ActiveCfg = Debug|Any CPU
		{0784CDC9-0F52-4B8B-9488-6589C11E94E2}.Debug|x86.Build.0 = Debug|Any CPU
		{0784CDC9-0F52-4B8B-9488-6589C11E94E2}.Release|Any CPU.ActiveCfg = Release|Any CPU
		{0784CDC9-0F52-4B8B-9488-6589C11E94E2}.Release|Any CPU.Build.0 = Release|Any CPU
		{0784CDC9-0F52-4B8B-9488-6589C11E94E2}.Release|x64.ActiveCfg = Release|Any CPU
		{0784CDC9-0F52-4B8B-9488-6589C11E94E2}.Release|x64.Build.0 = Release|Any CPU
		{0784CDC9-0F52-4B8B-9488-6589C11E94E2}.Release|x86.ActiveCfg = Release|Any CPU
		{0784CDC9-0F52-4B8B-9488-6589C11E94E2}.Release|x86.Build.0 = Release|Any CPU
		{A166674C-7FBA-43CC-BE79-70A2650647FF}.Analysis|Any CPU.ActiveCfg = Debug|x86
		{A166674C-7FBA-43CC-BE79-70A2650647FF}.Analysis|Any CPU.Build.0 = Debug|x86
		{A166674C-7FBA-43CC-BE79-70A2650647FF}.Analysis|x64.ActiveCfg = Release|x86
		{A166674C-7FBA-43CC-BE79-70A2650647FF}.Analysis|x86.ActiveCfg = Debug|x86
		{A166674C-7FBA-43CC-BE79-70A2650647FF}.Analysis|x86.Build.0 = Debug|x86
		{A166674C-7FBA-43CC-BE79-70A2650647FF}.Debug|Any CPU.ActiveCfg = Debug|x86
		{A166674C-7FBA-43CC-BE79-70A2650647FF}.Debug|Any CPU.Build.0 = Debug|x86
		{A166674C-7FBA-43CC-BE79-70A2650647FF}.Debug|x64.ActiveCfg = Debug|x86
		{A166674C-7FBA-43CC-BE79-70A2650647FF}.Debug|x86.ActiveCfg = Debug|x86
		{A166674C-7FBA-43CC-BE79-70A2650647FF}.Debug|x86.Build.0 = Debug|x86
		{A166674C-7FBA-43CC-BE79-70A2650647FF}.Release|Any CPU.ActiveCfg = Release|x86
		{A166674C-7FBA-43CC-BE79-70A2650647FF}.Release|Any CPU.Build.0 = Release|x86
		{A166674C-7FBA-43CC-BE79-70A2650647FF}.Release|x64.ActiveCfg = Release|x86
		{A166674C-7FBA-43CC-BE79-70A2650647FF}.Release|x86.ActiveCfg = Release|x86
		{A166674C-7FBA-43CC-BE79-70A2650647FF}.Release|x86.Build.0 = Release|x86
		{77B5CB63-E14B-4253-881D-6BE9D7C57076}.Analysis|Any CPU.ActiveCfg = Debug|x86
		{77B5CB63-E14B-4253-881D-6BE9D7C57076}.Analysis|Any CPU.Build.0 = Debug|x86
		{77B5CB63-E14B-4253-881D-6BE9D7C57076}.Analysis|x64.ActiveCfg = Release|x86
		{77B5CB63-E14B-4253-881D-6BE9D7C57076}.Analysis|x86.ActiveCfg = Debug|x86
		{77B5CB63-E14B-4253-881D-6BE9D7C57076}.Analysis|x86.Build.0 = Debug|x86
		{77B5CB63-E14B-4253-881D-6BE9D7C57076}.Debug|Any CPU.ActiveCfg = Debug|x86
		{77B5CB63-E14B-4253-881D-6BE9D7C57076}.Debug|Any CPU.Build.0 = Debug|x86
		{77B5CB63-E14B-4253-881D-6BE9D7C57076}.Debug|x64.ActiveCfg = Debug|x86
		{77B5CB63-E14B-4253-881D-6BE9D7C57076}.Debug|x86.ActiveCfg = Debug|x86
		{77B5CB63-E14B-4253-881D-6BE9D7C57076}.Debug|x86.Build.0 = Debug|x86
		{77B5CB63-E14B-4253-881D-6BE9D7C57076}.Release|Any CPU.ActiveCfg = Release|x86
		{77B5CB63-E14B-4253-881D-6BE9D7C57076}.Release|Any CPU.Build.0 = Release|x86
		{77B5CB63-E14B-4253-881D-6BE9D7C57076}.Release|x64.ActiveCfg = Release|x86
		{77B5CB63-E14B-4253-881D-6BE9D7C57076}.Release|x86.ActiveCfg = Release|x86
		{77B5CB63-E14B-4253-881D-6BE9D7C57076}.Release|x86.Build.0 = Release|x86
		{8199D71C-B849-484F-AC53-F3CEF6ECB10D}.Analysis|Any CPU.ActiveCfg = Debug|Any CPU
		{8199D71C-B849-484F-AC53-F3CEF6ECB10D}.Analysis|Any CPU.Build.0 = Debug|Any CPU
		{8199D71C-B849-484F-AC53-F3CEF6ECB10D}.Analysis|x64.ActiveCfg = Debug|Any CPU
		{8199D71C-B849-484F-AC53-F3CEF6ECB10D}.Analysis|x64.Build.0 = Debug|Any CPU
		{8199D71C-B849-484F-AC53-F3CEF6ECB10D}.Analysis|x86.ActiveCfg = Debug|Any CPU
		{8199D71C-B849-484F-AC53-F3CEF6ECB10D}.Analysis|x86.Build.0 = Debug|Any CPU
		{8199D71C-B849-484F-AC53-F3CEF6ECB10D}.Debug|Any CPU.ActiveCfg = Debug|Any CPU
		{8199D71C-B849-484F-AC53-F3CEF6ECB10D}.Debug|Any CPU.Build.0 = Debug|Any CPU
		{8199D71C-B849-484F-AC53-F3CEF6ECB10D}.Debug|x64.ActiveCfg = Debug|Any CPU
		{8199D71C-B849-484F-AC53-F3CEF6ECB10D}.Debug|x64.Build.0 = Debug|Any CPU
		{8199D71C-B849-484F-AC53-F3CEF6ECB10D}.Debug|x86.ActiveCfg = Debug|Any CPU
		{8199D71C-B849-484F-AC53-F3CEF6ECB10D}.Debug|x86.Build.0 = Debug|Any CPU
		{8199D71C-B849-484F-AC53-F3CEF6ECB10D}.Release|Any CPU.ActiveCfg = Release|Any CPU
		{8199D71C-B849-484F-AC53-F3CEF6ECB10D}.Release|Any CPU.Build.0 = Release|Any CPU
		{8199D71C-B849-484F-AC53-F3CEF6ECB10D}.Release|x64.ActiveCfg = Release|Any CPU
		{8199D71C-B849-484F-AC53-F3CEF6ECB10D}.Release|x64.Build.0 = Release|Any CPU
		{8199D71C-B849-484F-AC53-F3CEF6ECB10D}.Release|x86.ActiveCfg = Release|Any CPU
		{8199D71C-B849-484F-AC53-F3CEF6ECB10D}.Release|x86.Build.0 = Release|Any CPU
		{8EFD7D05-5436-4974-9E7C-236045A5550C}.Analysis|Any CPU.ActiveCfg = Debug|Any CPU
		{8EFD7D05-5436-4974-9E7C-236045A5550C}.Analysis|Any CPU.Build.0 = Debug|Any CPU
		{8EFD7D05-5436-4974-9E7C-236045A5550C}.Analysis|x64.ActiveCfg = Debug|x64
		{8EFD7D05-5436-4974-9E7C-236045A5550C}.Analysis|x64.Build.0 = Debug|x64
		{8EFD7D05-5436-4974-9E7C-236045A5550C}.Analysis|x86.ActiveCfg = Debug|x86
		{8EFD7D05-5436-4974-9E7C-236045A5550C}.Analysis|x86.Build.0 = Debug|x86
		{8EFD7D05-5436-4974-9E7C-236045A5550C}.Debug|Any CPU.ActiveCfg = Debug|Any CPU
		{8EFD7D05-5436-4974-9E7C-236045A5550C}.Debug|Any CPU.Build.0 = Debug|Any CPU
		{8EFD7D05-5436-4974-9E7C-236045A5550C}.Debug|x64.ActiveCfg = Debug|x64
		{8EFD7D05-5436-4974-9E7C-236045A5550C}.Debug|x64.Build.0 = Debug|x64
		{8EFD7D05-5436-4974-9E7C-236045A5550C}.Debug|x86.ActiveCfg = Debug|x86
		{8EFD7D05-5436-4974-9E7C-236045A5550C}.Debug|x86.Build.0 = Debug|x86
		{8EFD7D05-5436-4974-9E7C-236045A5550C}.Release|Any CPU.ActiveCfg = Release|Any CPU
		{8EFD7D05-5436-4974-9E7C-236045A5550C}.Release|Any CPU.Build.0 = Release|Any CPU
		{8EFD7D05-5436-4974-9E7C-236045A5550C}.Release|x64.ActiveCfg = Release|x64
		{8EFD7D05-5436-4974-9E7C-236045A5550C}.Release|x64.Build.0 = Release|x64
		{8EFD7D05-5436-4974-9E7C-236045A5550C}.Release|x86.ActiveCfg = Release|x86
		{8EFD7D05-5436-4974-9E7C-236045A5550C}.Release|x86.Build.0 = Release|x86
		{7F787428-6D63-4AEC-BC79-DD3AAD96CE87}.Analysis|Any CPU.ActiveCfg = Debug|Any CPU
		{7F787428-6D63-4AEC-BC79-DD3AAD96CE87}.Analysis|Any CPU.Build.0 = Debug|Any CPU
		{7F787428-6D63-4AEC-BC79-DD3AAD96CE87}.Analysis|x64.ActiveCfg = Debug|Any CPU
		{7F787428-6D63-4AEC-BC79-DD3AAD96CE87}.Analysis|x64.Build.0 = Debug|Any CPU
		{7F787428-6D63-4AEC-BC79-DD3AAD96CE87}.Analysis|x86.ActiveCfg = Debug|Any CPU
		{7F787428-6D63-4AEC-BC79-DD3AAD96CE87}.Analysis|x86.Build.0 = Debug|Any CPU
		{7F787428-6D63-4AEC-BC79-DD3AAD96CE87}.Debug|Any CPU.ActiveCfg = Debug|Any CPU
		{7F787428-6D63-4AEC-BC79-DD3AAD96CE87}.Debug|Any CPU.Build.0 = Debug|Any CPU
		{7F787428-6D63-4AEC-BC79-DD3AAD96CE87}.Debug|x64.ActiveCfg = Debug|Any CPU
		{7F787428-6D63-4AEC-BC79-DD3AAD96CE87}.Debug|x64.Build.0 = Debug|Any CPU
		{7F787428-6D63-4AEC-BC79-DD3AAD96CE87}.Debug|x86.ActiveCfg = Debug|Any CPU
		{7F787428-6D63-4AEC-BC79-DD3AAD96CE87}.Debug|x86.Build.0 = Debug|Any CPU
		{7F787428-6D63-4AEC-BC79-DD3AAD96CE87}.Release|Any CPU.ActiveCfg = Release|Any CPU
		{7F787428-6D63-4AEC-BC79-DD3AAD96CE87}.Release|Any CPU.Build.0 = Release|Any CPU
		{7F787428-6D63-4AEC-BC79-DD3AAD96CE87}.Release|x64.ActiveCfg = Release|Any CPU
		{7F787428-6D63-4AEC-BC79-DD3AAD96CE87}.Release|x64.Build.0 = Release|Any CPU
		{7F787428-6D63-4AEC-BC79-DD3AAD96CE87}.Release|x86.ActiveCfg = Release|Any CPU
		{7F787428-6D63-4AEC-BC79-DD3AAD96CE87}.Release|x86.Build.0 = Release|Any CPU
		{DCFDD3B8-B431-43A0-9CEF-8C50FF4FA236}.Analysis|Any CPU.ActiveCfg = Release|Any CPU
		{DCFDD3B8-B431-43A0-9CEF-8C50FF4FA236}.Analysis|Any CPU.Build.0 = Release|Any CPU
		{DCFDD3B8-B431-43A0-9CEF-8C50FF4FA236}.Analysis|Any CPU.Deploy.0 = Release|Any CPU
		{DCFDD3B8-B431-43A0-9CEF-8C50FF4FA236}.Analysis|x64.ActiveCfg = Release|Any CPU
		{DCFDD3B8-B431-43A0-9CEF-8C50FF4FA236}.Analysis|x64.Build.0 = Release|Any CPU
		{DCFDD3B8-B431-43A0-9CEF-8C50FF4FA236}.Analysis|x64.Deploy.0 = Release|Any CPU
		{DCFDD3B8-B431-43A0-9CEF-8C50FF4FA236}.Analysis|x86.ActiveCfg = Release|Any CPU
		{DCFDD3B8-B431-43A0-9CEF-8C50FF4FA236}.Analysis|x86.Build.0 = Release|Any CPU
		{DCFDD3B8-B431-43A0-9CEF-8C50FF4FA236}.Analysis|x86.Deploy.0 = Release|Any CPU
		{DCFDD3B8-B431-43A0-9CEF-8C50FF4FA236}.Debug|Any CPU.ActiveCfg = Debug|Any CPU
		{DCFDD3B8-B431-43A0-9CEF-8C50FF4FA236}.Debug|Any CPU.Build.0 = Debug|Any CPU
		{DCFDD3B8-B431-43A0-9CEF-8C50FF4FA236}.Debug|Any CPU.Deploy.0 = Debug|Any CPU
		{DCFDD3B8-B431-43A0-9CEF-8C50FF4FA236}.Debug|x64.ActiveCfg = Debug|Any CPU
		{DCFDD3B8-B431-43A0-9CEF-8C50FF4FA236}.Debug|x64.Build.0 = Debug|Any CPU
		{DCFDD3B8-B431-43A0-9CEF-8C50FF4FA236}.Debug|x64.Deploy.0 = Debug|Any CPU
		{DCFDD3B8-B431-43A0-9CEF-8C50FF4FA236}.Debug|x86.ActiveCfg = Debug|Any CPU
		{DCFDD3B8-B431-43A0-9CEF-8C50FF4FA236}.Debug|x86.Build.0 = Debug|Any CPU
		{DCFDD3B8-B431-43A0-9CEF-8C50FF4FA236}.Debug|x86.Deploy.0 = Debug|Any CPU
		{DCFDD3B8-B431-43A0-9CEF-8C50FF4FA236}.Release|Any CPU.ActiveCfg = Release|Any CPU
		{DCFDD3B8-B431-43A0-9CEF-8C50FF4FA236}.Release|Any CPU.Build.0 = Release|Any CPU
		{DCFDD3B8-B431-43A0-9CEF-8C50FF4FA236}.Release|Any CPU.Deploy.0 = Release|Any CPU
		{DCFDD3B8-B431-43A0-9CEF-8C50FF4FA236}.Release|x64.ActiveCfg = Release|Any CPU
		{DCFDD3B8-B431-43A0-9CEF-8C50FF4FA236}.Release|x64.Build.0 = Release|Any CPU
		{DCFDD3B8-B431-43A0-9CEF-8C50FF4FA236}.Release|x64.Deploy.0 = Release|Any CPU
		{DCFDD3B8-B431-43A0-9CEF-8C50FF4FA236}.Release|x86.ActiveCfg = Release|Any CPU
		{DCFDD3B8-B431-43A0-9CEF-8C50FF4FA236}.Release|x86.Build.0 = Release|Any CPU
		{DCFDD3B8-B431-43A0-9CEF-8C50FF4FA236}.Release|x86.Deploy.0 = Release|Any CPU
	EndGlobalSection
	GlobalSection(SolutionProperties) = preSolution
		HideSolutionNode = FALSE
	EndGlobalSection
	GlobalSection(NestedProjects) = preSolution
		{58C579A9-6E68-44AE-B018-3BE8FA9B5397} = {D6C46BAA-44A1-451F-BAF4-680BACD5488B}
		{04009E2D-9E54-423F-B6F0-62E15F1C8AE8} = {58C579A9-6E68-44AE-B018-3BE8FA9B5397}
		{CC1FF81E-F694-4B1B-9E04-3DEB2DE00B6A} = {58C579A9-6E68-44AE-B018-3BE8FA9B5397}
		{0E9B62BC-442C-440A-86A8-B9F2ECE40209} = {58C579A9-6E68-44AE-B018-3BE8FA9B5397}
		{D69325FA-A62E-45F4-9E6C-E27C33552522} = {D6C46BAA-44A1-451F-BAF4-680BACD5488B}
		{31C3B4A7-504B-4EFF-BACC-C8F2FFE5AF6F} = {D6C46BAA-44A1-451F-BAF4-680BACD5488B}
		{7696262E-45FC-4F68-A65E-468CD988CBC2} = {D6C46BAA-44A1-451F-BAF4-680BACD5488B}
		{78147C43-DB7B-4571-BC7A-E7F0075B4B78} = {D6C46BAA-44A1-451F-BAF4-680BACD5488B}
		{3B982916-A787-44DA-BFD2-6694ABEDBD7C} = {D6C46BAA-44A1-451F-BAF4-680BACD5488B}
		{34186C3B-C308-4CAE-B462-DB7B5F5E378C} = {D6C46BAA-44A1-451F-BAF4-680BACD5488B}
		{37619116-CCE8-465A-8B1F-081CA53364BB} = {D6C46BAA-44A1-451F-BAF4-680BACD5488B}
		{EC61D2C4-7EAB-474F-9C4F-D93DE57A64F1} = {D6C46BAA-44A1-451F-BAF4-680BACD5488B}
		{0784CDC9-0F52-4B8B-9488-6589C11E94E2} = {D6C46BAA-44A1-451F-BAF4-680BACD5488B}
		{A166674C-7FBA-43CC-BE79-70A2650647FF} = {D6C46BAA-44A1-451F-BAF4-680BACD5488B}
		{77B5CB63-E14B-4253-881D-6BE9D7C57076} = {D6C46BAA-44A1-451F-BAF4-680BACD5488B}
		{8199D71C-B849-484F-AC53-F3CEF6ECB10D} = {B44A0B83-089C-4D80-8932-5AD68AB1D2C5}
	EndGlobalSection
	GlobalSection(ExtensibilityGlobals) = postSolution
		SolutionGuid = {7B41EB32-9F4B-416C-B1A9-2E3B6457F65F}
	EndGlobalSection
EndGlobal
